
Microsoft Visual Studio Solution File, Format Version 12.00
# Visual Studio 15
VisualStudioVersion = 15.0.27604.0
MinimumVisualStudioVersion = 10.0.40219.1
Project("{9A19103F-16F7-4668-BE54-9A1E7A4F7556}") = "BlazorApp1", "BlazorApp1.csproj", "{1C8E0F51-29D6-473F-8401-E19E5473672F}"
EndProject
Global
	GlobalSection(SolutionConfigurationPlatforms) = preSolution
		Debug|Any CPU = Debug|Any CPU
		Release|Any CPU = Release|Any CPU
	EndGlobalSection
	GlobalSection(ProjectConfigurationPlatforms) = postSolution
		{1C8E0F51-29D6-473F-8401-E19E5473672F}.Debug|Any CPU.ActiveCfg = Debug|Any CPU
		{1C8E0F51-29D6-473F-8401-E19E5473672F}.Debug|Any CPU.Build.0 = Debug|Any CPU
		{1C8E0F51-29D6-473F-8401-E19E5473672F}.Release|Any CPU.ActiveCfg = Release|Any CPU
		{1C8E0F51-29D6-473F-8401-E19E5473672F}.Release|Any CPU.Build.0 = Release|Any CPU
	EndGlobalSection
	GlobalSection(SolutionProperties) = preSolution
		HideSolutionNode = FALSE
	EndGlobalSection
	GlobalSection(ExtensibilityGlobals) = postSolution
		SolutionGuid = {FB5E2B47-8D68-4407-9F94-A86FCCA5E979}
	EndGlobalSection
EndGlobal
